<?xml version="1.0" encoding="utf-8"?>
<Project ToolsVersion="4.0" xmlns="http://schemas.microsoft.com/developer/msbuild/2003">
  <ItemGroup>
    <Filter Include="Source Files">
      <UniqueIdentifier>{4FC737F1-C7A5-4376-A066-2A32D752A2FF}</UniqueIdentifier>
      <Extensions>cpp;c;cc;cxx;c++;cppm;ixx;def;odl;idl;hpj;bat;asm;asmx</Extensions>
    </Filter>
    <Filter Include="Header Files">
      <UniqueIdentifier>{93995380-89BD-4b04-88EB-625FBE52EBFB}</UniqueIdentifier>
      <Extensions>h;hh;hpp;hxx;h++;hm;inl;inc;ipp;xsd</Extensions>
    </Filter>
    <Filter Include="Resource Files">
      <UniqueIdentifier>{67DA6AB6-F800-4c08-8B7A-83BB121AAD01}</UniqueIdentifier>
      <Extensions>rc;ico;cur;bmp;dlg;rc2;rct;bin;rgs;gif;jpg;jpeg;jpe;resx;tiff;tif;png;wav;mfcribbon-ms</Extensions>
    </Filter>
    <Filter Include="Source Files\app">
      <UniqueIdentifier>{eed9d451-10e8-4622-b78f-3e5fa158c79a}</UniqueIdentifier>
    </Filter>
    <Filter Include="Source Files\tools">
      <UniqueIdentifier>{d06566fe-4e0b-4c7f-9a6e-67400a412be6}</UniqueIdentifier>
    </Filter>
    <Filter Include="Source Files\app\engine">
      <UniqueIdentifier>{0f24e589-9453-4ffd-b180-a7adc8491139}</UniqueIdentifier>
    </Filter>
    <Filter Include="Source Files\app\gameplay">
      <UniqueIdentifier>{5b8992ba-a156-4656-86b0-3c29ec6f3cd0}</UniqueIdentifier>
    </Filter>
    <Filter Include="Source Files\app\generation">
      <UniqueIdentifier>{b927be63-03be-4b47-944c-66d6ece13d3f}</UniqueIdentifier>
    </Filter>
    <Filter Include="Source Files\app\utils">
      <UniqueIdentifier>{5ccccdd3-e4a3-4e36-8715-baf87c784285}</UniqueIdentifier>
    </Filter>
    <Filter Include="Source Files\app\utils\model">
      <UniqueIdentifier>{6f39e7cd-e444-43c4-827f-98ec7276d37d}</UniqueIdentifier>
    </Filter>
    <Filter Include="Source Files\app\utils\img">
      <UniqueIdentifier>{1c4491d7-e8d1-4f1c-9177-63f3f35f5f05}</UniqueIdentifier>
    </Filter>
    <Filter Include="Source Files\app\gameplay\character">
      <UniqueIdentifier>{7fc85867-f9e9-48ba-b883-267911033221}</UniqueIdentifier>
    </Filter>
    <Filter Include="Header Files\app">
      <UniqueIdentifier>{41973843-53f9-4f65-a0fc-3af04427092d}</UniqueIdentifier>
    </Filter>
    <Filter Include="Header Files\tools">
      <UniqueIdentifier>{caa66471-0c13-4883-a06c-dbd2a2cffa3b}</UniqueIdentifier>
    </Filter>
    <Filter Include="Header Files\app\engine">
      <UniqueIdentifier>{a53a5ff1-584a-40e6-8942-37a736fba25e}</UniqueIdentifier>
    </Filter>
    <Filter Include="Header Files\app\gameplay">
      <UniqueIdentifier>{fc5f1096-e081-4572-aeb6-356d0737adec}</UniqueIdentifier>
    </Filter>
    <Filter Include="Header Files\app\generation">
      <UniqueIdentifier>{21a8b450-aee5-41cf-9244-005ba2f442fa}</UniqueIdentifier>
    </Filter>
    <Filter Include="Header Files\app\utils">
      <UniqueIdentifier>{81dee982-7fb9-471a-9bbb-87cf030ed2b8}</UniqueIdentifier>
    </Filter>
    <Filter Include="Header Files\app\utils\model">
      <UniqueIdentifier>{0445ca07-94c8-43d6-87a1-18d5836ac045}</UniqueIdentifier>
    </Filter>
    <Filter Include="Header Files\app\utils\img">
      <UniqueIdentifier>{1d78cae1-2f0d-4e09-b736-bb0384750e21}</UniqueIdentifier>
    </Filter>
    <Filter Include="Header Files\app\gameplay\character">
      <UniqueIdentifier>{50d2e7df-d3dc-4b18-aa78-a09c752e80f1}</UniqueIdentifier>
    </Filter>
  </ItemGroup>
  <ItemGroup>
    <ClCompile Include="src\main.cpp">
      <Filter>Source Files</Filter>
    </ClCompile>
    <ClCompile Include="src\app\app.cpp">
      <Filter>Source Files\app</Filter>
    </ClCompile>
    <ClCompile Include="src\tools\matrix.cpp">
      <Filter>Source Files\tools</Filter>
    </ClCompile>
    <ClCompile Include="src\app\utils\img\image_handler.cpp">
      <Filter>Source Files\app\utils\img</Filter>
    </ClCompile>
    <ClCompile Include="src\app\utils\img\ppm_loader.cpp">
      <Filter>Source Files\app\utils\img</Filter>
    </ClCompile>
    <ClCompile Include="src\app\utils\model\model.cpp">
      <Filter>Source Files\app\utils\model</Filter>
    </ClCompile>
    <ClCompile Include="src\app\utils\model\mtl_parser.cpp">
      <Filter>Source Files\app\utils\model</Filter>
    </ClCompile>
    <ClCompile Include="src\app\utils\model\obj_parser.cpp">
      <Filter>Source Files\app\utils\model</Filter>
    </ClCompile>
    <ClCompile Include="src\app\utils\model\parser.cpp">
      <Filter>Source Files\app\utils\model</Filter>
    </ClCompile>
    <ClCompile Include="src\app\generation\cube.cpp">
      <Filter>Source Files\app\generation</Filter>
    </ClCompile>
    <ClCompile Include="src\app\generation\perlin_noise.cpp">
      <Filter>Source Files\app\generation</Filter>
    </ClCompile>
    <ClCompile Include="src\app\gameplay\gameplay.cpp">
      <Filter>Source Files\app\gameplay</Filter>
    </ClCompile>
    <ClCompile Include="src\app\gameplay\character\character.cpp">
      <Filter>Source Files\app\gameplay\character</Filter>
    </ClCompile>
    <ClCompile Include="src\app\gameplay\character\player.cpp">
      <Filter>Source Files\app\gameplay\character</Filter>
    </ClCompile>
    <ClCompile Include="src\app\engine\buffer.cpp">
      <Filter>Source Files\app\engine</Filter>
    </ClCompile>
    <ClCompile Include="src\app\engine\command_buffer.cpp">
      <Filter>Source Files\app\engine</Filter>
    </ClCompile>
    <ClCompile Include="src\app\engine\command_pool.cpp">
      <Filter>Source Files\app\engine</Filter>
    </ClCompile>
    <ClCompile Include="src\app\engine\debug_module.cpp">
      <Filter>Source Files\app\engine</Filter>
    </ClCompile>
    <ClCompile Include="src\app\engine\descriptor_set.cpp">
      <Filter>Source Files\app\engine</Filter>
    </ClCompile>
    <ClCompile Include="src\app\engine\device.cpp">
      <Filter>Source Files\app\engine</Filter>
    </ClCompile>
    <ClCompile Include="src\app\engine\engine.cpp">
      <Filter>Source Files\app\engine</Filter>
    </ClCompile>
    <ClCompile Include="src\app\engine\image_buffer.cpp">
      <Filter>Source Files\app\engine</Filter>
    </ClCompile>
    <ClCompile Include="src\app\engine\input_buffer.cpp">
      <Filter>Source Files\app\engine</Filter>
    </ClCompile>
    <ClCompile Include="src\app\engine\render_pass.cpp">
      <Filter>Source Files\app\engine</Filter>
    </ClCompile>
    <ClCompile Include="src\app\engine\swap_chain.cpp">
      <Filter>Source Files\app\engine</Filter>
    </ClCompile>
    <ClCompile Include="src\app\engine\texture_sampler.cpp">
      <Filter>Source Files\app\engine</Filter>
    </ClCompile>
    <ClCompile Include="src\app\engine\window.cpp">
      <Filter>Source Files\app\engine</Filter>
    </ClCompile>
  </ItemGroup>
  <ItemGroup>
    <ClInclude Include="src\app\app.h">
      <Filter>Header Files\app</Filter>
    </ClInclude>
    <ClInclude Include="src\tools\scop_math.h">
      <Filter>Header Files\tools</Filter>
    </ClInclude>
    <ClInclude Include="src\tools\matrix.h">
      <Filter>Header Files\tools</Filter>
    </ClInclude>
    <ClInclude Include="src\tools\utils.h">
      <Filter>Header Files\tools</Filter>
    </ClInclude>
    <ClInclude Include="src\tools\vector.h">
      <Filter>Header Files\tools</Filter>
    </ClInclude>
    <ClInclude Include="src\app\utils\chunk.h">
      <Filter>Header Files\app\utils</Filter>
    </ClInclude>
    <ClInclude Include="src\app\utils\timer.h">
      <Filter>Header Files\app\utils</Filter>
    </ClInclude>
    <ClInclude Include="src\app\utils\uniform_buffer_object.h">
      <Filter>Header Files\app\utils</Filter>
    </ClInclude>
    <ClInclude Include="src\app\utils\vertex.h">
      <Filter>Header Files\app\utils</Filter>
    </ClInclude>
    <ClInclude Include="src\app\utils\model\model.h">
      <Filter>Header Files\app\utils\model</Filter>
    </ClInclude>
    <ClInclude Include="src\app\utils\model\material.h">
      <Filter>Header Files\app\utils\model</Filter>
    </ClInclude>
    <ClInclude Include="src\app\utils\model\mtl_parser.h">
      <Filter>Header Files\app\utils\model</Filter>
    </ClInclude>
    <ClInclude Include="src\app\utils\model\obj_parser.h">
      <Filter>Header Files\app\utils\model</Filter>
    </ClInclude>
    <ClInclude Include="src\app\utils\model\parser.h">
      <Filter>Header Files\app\utils\model</Filter>
    </ClInclude>
    <ClInclude Include="src\app\utils\img\image_handler.h">
      <Filter>Header Files\app\utils\img</Filter>
    </ClInclude>
    <ClInclude Include="src\app\utils\img\image_loader.h">
      <Filter>Header Files\app\utils\img</Filter>
    </ClInclude>
    <ClInclude Include="src\app\utils\img\ppm_loader.h">
      <Filter>Header Files\app\utils\img</Filter>
    </ClInclude>
    <ClInclude Include="src\app\generation\cube.h">
      <Filter>Header Files\app\generation</Filter>
    </ClInclude>
    <ClInclude Include="src\app\generation\map.h">
      <Filter>Header Files\app\generation</Filter>
    </ClInclude>
    <ClInclude Include="src\app\generation\perlin_noise.h">
      <Filter>Header Files\app\generation</Filter>
    </ClInclude>
    <ClInclude Include="src\app\generation\world_generator.h">
      <Filter>Header Files\app\generation</Filter>
    </ClInclude>
    <ClInclude Include="src\app\gameplay\gameplay.h">
      <Filter>Header Files\app\gameplay</Filter>
    </ClInclude>
    <ClInclude Include="src\app\gameplay\character\character.h">
      <Filter>Header Files\app\gameplay\character</Filter>
    </ClInclude>
    <ClInclude Include="src\app\gameplay\character\player.h">
      <Filter>Header Files\app\gameplay\character</Filter>
    </ClInclude>
    <ClInclude Include="src\app\engine\buffer.h">
      <Filter>Header Files\app\engine</Filter>
    </ClInclude>
    <ClInclude Include="src\app\engine\command_buffer.h">
      <Filter>Header Files\app\engine</Filter>
    </ClInclude>
    <ClInclude Include="src\app\engine\command_pool.h">
      <Filter>Header Files\app\engine</Filter>
    </ClInclude>
    <ClInclude Include="src\app\engine\debug_module.h">
      <Filter>Header Files\app\engine</Filter>
    </ClInclude>
    <ClInclude Include="src\app\engine\descriptor_set.h">
      <Filter>Header Files\app\engine</Filter>
    </ClInclude>
    <ClInclude Include="src\app\engine\device.h">
      <Filter>Header Files\app\engine</Filter>
    </ClInclude>
    <ClInclude Include="src\app\engine\engine.h">
      <Filter>Header Files\app\engine</Filter>
    </ClInclude>
    <ClInclude Include="src\app\engine\image_buffer.h">
      <Filter>Header Files\app\engine</Filter>
    </ClInclude>
    <ClInclude Include="src\app\engine\input_buffer.h">
      <Filter>Header Files\app\engine</Filter>
    </ClInclude>
    <ClInclude Include="src\app\engine\render_pass.h">
      <Filter>Header Files\app\engine</Filter>
    </ClInclude>
    <ClInclude Include="src\app\engine\swap_chain.h">
      <Filter>Header Files\app\engine</Filter>
    </ClInclude>
    <ClInclude Include="src\app\engine\texture_sampler.h">
      <Filter>Header Files\app\engine</Filter>
    </ClInclude>
    <ClInclude Include="src\app\engine\window.h">
      <Filter>Header Files\app\engine</Filter>
    </ClInclude>
  </ItemGroup>
</Project>